
Microsoft Visual Studio Solution File, Format Version 12.00
# Visual Studio Version 16
VisualStudioVersion = 16.0.30611.23
MinimumVisualStudioVersion = 10.0.40219.1
Project("{FAE04EC0-301F-11D3-BF4B-00C04F79EFBC}") = "AppTest", "AppTest\AppTest.csproj", "{88113D6A-9CC6-45A3-B6CB-D491143FF39A}"
EndProject
Project("{FAE04EC0-301F-11D3-BF4B-00C04F79EFBC}") = "UnitTestProject1", "UnitTestProject1\UnitTestProject1.csproj", "{E56704D2-F33F-437D-8F4C-9F2952677F88}"
EndProject
Global
	GlobalSection(SolutionConfigurationPlatforms) = preSolution
		Debug|Any CPU = Debug|Any CPU
		Release|Any CPU = Release|Any CPU
	EndGlobalSection
	GlobalSection(ProjectConfigurationPlatforms) = postSolution
		{88113D6A-9CC6-45A3-B6CB-D491143FF39A}.Debug|Any CPU.ActiveCfg = Debug|Any CPU
		{88113D6A-9CC6-45A3-B6CB-D491143FF39A}.Debug|Any CPU.Build.0 = Debug|Any CPU
		{88113D6A-9CC6-45A3-B6CB-D491143FF39A}.Release|Any CPU.ActiveCfg = Release|Any CPU
		{88113D6A-9CC6-45A3-B6CB-D491143FF39A}.Release|Any CPU.Build.0 = Release|Any CPU
		{E56704D2-F33F-437D-8F4C-9F2952677F88}.Debug|Any CPU.ActiveCfg = Debug|Any CPU
		{E56704D2-F33F-437D-8F4C-9F2952677F88}.Debug|Any CPU.Build.0 = Debug|Any CPU
		{E56704D2-F33F-437D-8F4C-9F2952677F88}.Release|Any CPU.ActiveCfg = Release|Any CPU
		{E56704D2-F33F-437D-8F4C-9F2952677F88}.Release|Any CPU.Build.0 = Release|Any CPU
	EndGlobalSection
	GlobalSection(SolutionProperties) = preSolution
		HideSolutionNode = FALSE
	EndGlobalSection
	GlobalSection(ExtensibilityGlobals) = postSolution
		SolutionGuid = {FC5F33C9-ED12-49D3-89E2-36BD098EC865}
	EndGlobalSection
EndGlobal
